
Microsoft Visual Studio Solution File, Format Version 12.00
# Visual Studio Version 17
VisualStudioVersion = 17.13.35913.81
MinimumVisualStudioVersion = 10.0.40219.1
Project("{FAE04EC0-301F-11D3-BF4B-00C04F79EFBC}") = "api_carrental", "api-carrental\api_carrental.csproj", "{CB6DE021-B937-C24A-68C3-4A228643146A}"
EndProject
Project("{FAE04EC0-301F-11D3-BF4B-00C04F79EFBC}") = "assignment_mvc_carrental", "mvcsource\assignment_mvc_carrental.csproj", "{0A552B55-A960-83DD-8BC7-080D99FBF8BD}"
EndProject
Global
	GlobalSection(SolutionConfigurationPlatforms) = preSolution
		Debug|Any CPU = Debug|Any CPU
		Release|Any CPU = Release|Any CPU
	EndGlobalSection
	GlobalSection(ProjectConfigurationPlatforms) = postSolution
		{CB6DE021-B937-C24A-68C3-4A228643146A}.Debug|Any CPU.ActiveCfg = Debug|Any CPU
		{CB6DE021-B937-C24A-68C3-4A228643146A}.Debug|Any CPU.Build.0 = Debug|Any CPU
		{CB6DE021-B937-C24A-68C3-4A228643146A}.Release|Any CPU.ActiveCfg = Release|Any CPU
		{CB6DE021-B937-C24A-68C3-4A228643146A}.Release|Any CPU.Build.0 = Release|Any CPU
		{0A552B55-A960-83DD-8BC7-080D99FBF8BD}.Debug|Any CPU.ActiveCfg = Debug|Any CPU
		{0A552B55-A960-83DD-8BC7-080D99FBF8BD}.Debug|Any CPU.Build.0 = Debug|Any CPU
		{0A552B55-A960-83DD-8BC7-080D99FBF8BD}.Release|Any CPU.ActiveCfg = Release|Any CPU
		{0A552B55-A960-83DD-8BC7-080D99FBF8BD}.Release|Any CPU.Build.0 = Release|Any CPU
	EndGlobalSection
	GlobalSection(SolutionProperties) = preSolution
		HideSolutionNode = FALSE
	EndGlobalSection
	GlobalSection(ExtensibilityGlobals) = postSolution
		SolutionGuid = {31A95771-733A-4A89-87FC-336021AD212E}
	EndGlobalSection
EndGlobal
